<?xml version="1.0" encoding="utf-8"?>
<Project ToolsVersion="4.0" xmlns="http://schemas.microsoft.com/developer/msbuild/2003">
  <ItemGroup>
    <Filter Include="Source Files">
      <UniqueIdentifier>{4FC737F1-C7A5-4376-A066-2A32D752A2FF}</UniqueIdentifier>
      <Extensions>cpp;c;cc;cxx;c++;cppm;ixx;def;odl;idl;hpj;bat;asm;asmx</Extensions>
    </Filter>
    <Filter Include="Header Files">
      <UniqueIdentifier>{93995380-89BD-4b04-88EB-625FBE52EBFB}</UniqueIdentifier>
      <Extensions>h;hh;hpp;hxx;h++;hm;inl;inc;ipp;xsd</Extensions>
    </Filter>
    <Filter Include="Resource Files">
      <UniqueIdentifier>{67DA6AB6-F800-4c08-8B7A-83BB121AAD01}</UniqueIdentifier>
      <Extensions>rc;ico;cur;bmp;dlg;rc2;rct;bin;rgs;gif;jpg;jpeg;jpe;resx;tiff;tif;png;wav;mfcribbon-ms</Extensions>
    </Filter>
    <Filter Include="Header Files\Hud">
      <UniqueIdentifier>{55eaae4e-1c8b-43a0-b071-88d1aec57056}</UniqueIdentifier>
    </Filter>
    <Filter Include="Source Files\Hud">
      <UniqueIdentifier>{8c3cf549-9a5c-463c-84bf-06f3c482c188}</UniqueIdentifier>
    </Filter>
    <Filter Include="Source Files\Custom Data">
      <UniqueIdentifier>{95a76d1b-b6cb-4b0a-8929-a0e3a673c273}</UniqueIdentifier>
    </Filter>
    <Filter Include="Header Files\Custom Data">
      <UniqueIdentifier>{39105159-db6f-4804-9bd1-b435b591ac52}</UniqueIdentifier>
    </Filter>
    <Filter Include="Header Files\Terrain">
      <UniqueIdentifier>{df7d21ab-e470-44d6-b900-925b2146d154}</UniqueIdentifier>
    </Filter>
    <Filter Include="Header Files\Engine">
      <UniqueIdentifier>{0bb48d2a-4459-4377-99e0-68c2e1e55903}</UniqueIdentifier>
    </Filter>
    <Filter Include="Header Files\Player">
      <UniqueIdentifier>{f01d3559-b77c-47d9-9f33-ea46e37232c1}</UniqueIdentifier>
    </Filter>
    <Filter Include="Source Files\Engine">
      <UniqueIdentifier>{1e288c31-e5e8-4388-b560-8e1578519e65}</UniqueIdentifier>
    </Filter>
    <Filter Include="Source Files\Terrain">
      <UniqueIdentifier>{d07dc571-b8e0-4067-b80e-28c685c0ec7d}</UniqueIdentifier>
    </Filter>
    <Filter Include="Source Files\Player">
      <UniqueIdentifier>{e013c6b4-bac7-4566-94db-3e1998f449e2}</UniqueIdentifier>
    </Filter>
    <Filter Include="Header Files\Hud\Inventory">
      <UniqueIdentifier>{86e3b2ce-5c81-4421-a69e-aea1776716f6}</UniqueIdentifier>
    </Filter>
    <Filter Include="Source Files\Data">
      <UniqueIdentifier>{19f0f57e-a7bb-4372-8337-7cedb2237660}</UniqueIdentifier>
    </Filter>
    <Filter Include="Source Files\Data\Blocks">
      <UniqueIdentifier>{0cfb7248-4c00-429e-bef3-25294fef8ca0}</UniqueIdentifier>
    </Filter>
    <Filter Include="Source Files\Data\Items">
      <UniqueIdentifier>{a53d150d-a8e0-4d85-88c1-c2bd75a90bbf}</UniqueIdentifier>
    </Filter>
    <Filter Include="Header Files\Data">
      <UniqueIdentifier>{d290b5c6-0b49-472e-9267-eea1b344df3b}</UniqueIdentifier>
    </Filter>
    <Filter Include="Header Files\Data\Item">
      <UniqueIdentifier>{bb6e0ca9-266d-4757-a5f2-66bb62cf93b5}</UniqueIdentifier>
    </Filter>
    <Filter Include="Header Files\Data\Blocks">
      <UniqueIdentifier>{e3327af7-bae2-42ce-8210-4deef11c5d7c}</UniqueIdentifier>
    </Filter>
    <Filter Include="Header Files\Engine\Input">
      <UniqueIdentifier>{6f2b881d-61d1-445c-a411-9124d3083288}</UniqueIdentifier>
    </Filter>
    <Filter Include="Source Files\Engine\Input">
      <UniqueIdentifier>{ede7b918-cddb-4b36-a52f-fdb420f73817}</UniqueIdentifier>
    </Filter>
    <Filter Include="Header Files\Player\Modules">
      <UniqueIdentifier>{8cd6f49f-2260-44a8-aab1-4ff5f51ef7f7}</UniqueIdentifier>
    </Filter>
    <Filter Include="Source Files\Player\Modules">
      <UniqueIdentifier>{2a27bb86-9c1e-4fad-a2dc-5b39d153f32e}</UniqueIdentifier>
    </Filter>
    <Filter Include="Header Files\Engine\Game">
      <UniqueIdentifier>{ad3befe0-132f-45e9-8ca7-67b7802b6a07}</UniqueIdentifier>
    </Filter>
    <Filter Include="Header Files\Engine\Graphics">
      <UniqueIdentifier>{92a451f1-3c4e-4721-993f-ed4c3b3bdbe7}</UniqueIdentifier>
    </Filter>
    <Filter Include="Header Files\Engine\Extensions">
      <UniqueIdentifier>{2b508633-a169-4952-b2e8-a03e26a82c78}</UniqueIdentifier>
    </Filter>
    <Filter Include="Header Files\Engine\Game\Scenes">
      <UniqueIdentifier>{7b670867-68ca-43e1-a597-efde8ccd60cd}</UniqueIdentifier>
    </Filter>
    <Filter Include="Header Files\Engine\Network">
      <UniqueIdentifier>{2f2bfbb0-8def-4415-b372-a9e926c7dd61}</UniqueIdentifier>
    </Filter>
    <Filter Include="Source Files\Network">
      <UniqueIdentifier>{20f1bb56-0e31-4f9e-9d37-a8b9cb9b44b2}</UniqueIdentifier>
    </Filter>
  </ItemGroup>
  <ItemGroup>
    <ClCompile Include="Main.cpp">
      <Filter>Source Files</Filter>
    </ClCompile>
    <ClCompile Include="BlockData.cpp">
      <Filter>Source Files\Data\Blocks</Filter>
    </ClCompile>
    <ClCompile Include="HudItem.cpp">
      <Filter>Source Files\Hud</Filter>
    </ClCompile>
    <ClCompile Include="Hud.cpp">
      <Filter>Source Files\Hud</Filter>
    </ClCompile>
    <ClCompile Include="HotbarSlot.cpp">
      <Filter>Source Files\Hud</Filter>
    </ClCompile>
    <ClCompile Include="CustomDataManager.cpp">
      <Filter>Source Files\Custom Data</Filter>
    </ClCompile>
    <ClCompile Include="BlockDataManager.cpp">
      <Filter>Source Files\Data\Blocks</Filter>
    </ClCompile>
    <ClCompile Include="Mesh.cpp">
      <Filter>Source Files\Engine</Filter>
    </ClCompile>
    <ClCompile Include="Renderer.cpp">
      <Filter>Source Files\Engine</Filter>
    </ClCompile>
    <ClCompile Include="Shader.cpp">
      <Filter>Source Files\Engine</Filter>
    </ClCompile>
    <ClCompile Include="Camera.cpp">
      <Filter>Source Files\Player</Filter>
    </ClCompile>
    <ClCompile Include="Player.cpp">
      <Filter>Source Files\Player</Filter>
    </ClCompile>
    <ClCompile Include="BiomeManager.cpp">
      <Filter>Source Files\Terrain</Filter>
    </ClCompile>
    <ClCompile Include="Chunk.cpp">
      <Filter>Source Files\Terrain</Filter>
    </ClCompile>
    <ClCompile Include="Terrain.cpp">
      <Filter>Source Files\Terrain</Filter>
    </ClCompile>
    <ClCompile Include="BlockDefinitions.cpp">
      <Filter>Source Files\Custom Data</Filter>
    </ClCompile>
    <ClCompile Include="ItemData.cpp">
      <Filter>Source Files\Data\Items</Filter>
    </ClCompile>
    <ClCompile Include="ItemDefinitions.cpp">
      <Filter>Source Files\Custom Data</Filter>
    </ClCompile>
    <ClCompile Include="ItemDataManager.cpp">
      <Filter>Source Files\Data\Items</Filter>
    </ClCompile>
    <ClCompile Include="Inventory.cpp">
      <Filter>Source Files\Data\Items</Filter>
    </ClCompile>
    <ClCompile Include="InputManager.cpp">
      <Filter>Source Files\Engine\Input</Filter>
    </ClCompile>
    <ClCompile Include="Mouse.cpp">
      <Filter>Source Files\Engine\Input</Filter>
    </ClCompile>
    <ClCompile Include="MathsExtensions.cpp">
      <Filter>Source Files\Engine</Filter>
    </ClCompile>
    <ClCompile Include="PhysicsExtensions.cpp">
      <Filter>Source Files\Engine</Filter>
    </ClCompile>
    <ClCompile Include="Time.cpp">
      <Filter>Source Files\Engine</Filter>
    </ClCompile>
    <ClCompile Include="PlayerData.cpp">
      <Filter>Source Files\Player</Filter>
    </ClCompile>
    <ClCompile Include="PlayerModules.cpp">
      <Filter>Source Files\Player</Filter>
    </ClCompile>
    <ClCompile Include="PlayerState.cpp">
      <Filter>Source Files\Player</Filter>
    </ClCompile>
    <ClCompile Include="PlayerModule.cpp">
      <Filter>Source Files\Player\Modules</Filter>
    </ClCompile>
    <ClCompile Include="MovementModule.cpp">
      <Filter>Source Files\Player\Modules</Filter>
    </ClCompile>
    <ClCompile Include="PlacingModule.cpp">
      <Filter>Source Files\Player\Modules</Filter>
    </ClCompile>
    <ClCompile Include="Scene.cpp">
      <Filter>Source Files\Engine</Filter>
    </ClCompile>
    <ClCompile Include="Instance.cpp">
      <Filter>Source Files\Engine</Filter>
    </ClCompile>
    <ClCompile Include="World.cpp">
      <Filter>Source Files</Filter>
    </ClCompile>
    <ClCompile Include="Shaders.cpp">
      <Filter>Source Files</Filter>
    </ClCompile>
    <ClCompile Include="Syncvar.cpp">
      <Filter>Source Files\Network</Filter>
    </ClCompile>
    <ClCompile Include="NetworkInfo.cpp">
      <Filter>Source Files\Network</Filter>
    </ClCompile>
    <ClCompile Include="NetworkManager.cpp">
      <Filter>Source Files\Network</Filter>
    </ClCompile>
    <ClCompile Include="PhysicsCache.cpp">
      <Filter>Source Files\Player</Filter>
    </ClCompile>
    <ClCompile Include="NetworkedPlayerContainer.cpp">
      <Filter>Source Files\Network</Filter>
    </ClCompile>
    <ClCompile Include="ClientData.cpp">
      <Filter>Source Files\Network</Filter>
    </ClCompile>
    <ClCompile Include="ClientObject.cpp">
      <Filter>Source Files\Network</Filter>
    </ClCompile>
    <ClCompile Include="NetworkedPlayersManager.cpp">
      <Filter>Source Files\Network</Filter>
    </ClCompile>
  </ItemGroup>
  <ItemGroup>
    <ClInclude Include="BlockData.h">
      <Filter>Header Files\Data\Blocks</Filter>
    </ClInclude>
    <ClInclude Include="resource.h">
      <Filter>Header Files</Filter>
    </ClInclude>
    <ClInclude Include="BlockDataManager.h">
      <Filter>Header Files\Data\Blocks</Filter>
    </ClInclude>
    <ClInclude Include="HudItem.h">
      <Filter>Header Files\Hud</Filter>
    </ClInclude>
    <ClInclude Include="Hud.h">
      <Filter>Header Files\Hud</Filter>
    </ClInclude>
    <ClInclude Include="CustomDataManager.h">
      <Filter>Header Files\Custom Data</Filter>
    </ClInclude>
    <ClInclude Include="Chunk.h">
      <Filter>Header Files\Terrain</Filter>
    </ClInclude>
    <ClInclude Include="Player.h">
      <Filter>Header Files\Player</Filter>
    </ClInclude>
    <ClInclude Include="BiomeManager.h">
      <Filter>Header Files\Terrain</Filter>
    </ClInclude>
    <ClInclude Include="HotbarSlot.h">
      <Filter>Header Files\Hud\Inventory</Filter>
    </ClInclude>
    <ClInclude Include="BlockDefinitions.h">
      <Filter>Header Files\Custom Data</Filter>
    </ClInclude>
    <ClInclude Include="ItemDefinitions.h">
      <Filter>Header Files\Custom Data</Filter>
    </ClInclude>
    <ClInclude Include="ItemData.h">
      <Filter>Header Files\Data\Item</Filter>
    </ClInclude>
    <ClInclude Include="Inventory.h">
      <Filter>Header Files\Data\Item</Filter>
    </ClInclude>
    <ClInclude Include="ItemDataManager.h">
      <Filter>Header Files\Data\Item</Filter>
    </ClInclude>
    <ClInclude Include="Terrain.h">
      <Filter>Header Files\Terrain</Filter>
    </ClInclude>
    <ClInclude Include="InputManager.h">
      <Filter>Header Files\Engine\Input</Filter>
    </ClInclude>
    <ClInclude Include="Mouse.h">
      <Filter>Header Files\Engine\Input</Filter>
    </ClInclude>
    <ClInclude Include="Time.h">
      <Filter>Header Files\Engine</Filter>
    </ClInclude>
    <ClInclude Include="PlayerData.h">
      <Filter>Header Files\Player</Filter>
    </ClInclude>
    <ClInclude Include="PlayerState.h">
      <Filter>Header Files\Player</Filter>
    </ClInclude>
    <ClInclude Include="PlayerModules.h">
      <Filter>Header Files\Player</Filter>
    </ClInclude>
    <ClInclude Include="PlayerModule.h">
      <Filter>Header Files\Player\Modules</Filter>
    </ClInclude>
    <ClInclude Include="MovementModule.h">
      <Filter>Header Files\Player\Modules</Filter>
    </ClInclude>
    <ClInclude Include="PlacingModule.h">
      <Filter>Header Files\Player\Modules</Filter>
    </ClInclude>
    <ClInclude Include="Mesh.h">
      <Filter>Header Files\Engine\Graphics</Filter>
    </ClInclude>
    <ClInclude Include="MathsExtensions.h">
      <Filter>Header Files\Engine\Extensions</Filter>
    </ClInclude>
    <ClInclude Include="PhysicsExtensions.h">
      <Filter>Header Files\Engine\Extensions</Filter>
    </ClInclude>
    <ClInclude Include="Renderer.h">
      <Filter>Header Files\Engine\Graphics</Filter>
    </ClInclude>
    <ClInclude Include="Shader.h">
      <Filter>Header Files\Engine\Graphics</Filter>
    </ClInclude>
    <ClInclude Include="Camera.h">
      <Filter>Header Files\Engine\Game</Filter>
    </ClInclude>
    <ClInclude Include="Scene.h">
      <Filter>Header Files\Engine\Game</Filter>
    </ClInclude>
    <ClInclude Include="Instance.h">
      <Filter>Header Files\Engine\Game</Filter>
    </ClInclude>
    <ClInclude Include="World.h">
      <Filter>Header Files\Engine\Game\Scenes</Filter>
    </ClInclude>
    <ClInclude Include="Shaders.h">
      <Filter>Header Files\Engine\Graphics</Filter>
    </ClInclude>
    <ClInclude Include="NetworkManager.h">
      <Filter>Header Files\Engine\Network</Filter>
    </ClInclude>
    <ClInclude Include="Syncvar.h">
      <Filter>Header Files\Engine\Network</Filter>
    </ClInclude>
    <ClInclude Include="NetworkInfo.h">
      <Filter>Header Files\Engine\Network</Filter>
    </ClInclude>
    <ClInclude Include="ClientData.h">
      <Filter>Header Files\Engine\Network</Filter>
    </ClInclude>
    <ClInclude Include="NetworkedPlayerContainer.h">
      <Filter>Header Files\Engine\Network</Filter>
    </ClInclude>
    <ClInclude Include="ClientObject.h">
      <Filter>Header Files\Engine\Network</Filter>
    </ClInclude>
    <ClInclude Include="PhysicsCache.h">
      <Filter>Header Files\Player</Filter>
    </ClInclude>
    <ClInclude Include="NetworkedPlayersManager.h">
      <Filter>Header Files\Engine\Network</Filter>
    </ClInclude>
  </ItemGroup>
  <ItemGroup>
    <ResourceCompile Include="GLFWx32-GLEWx32-GLM-0.rc">
      <Filter>Resource Files</Filter>
    </ResourceCompile>
  </ItemGroup>
</Project>