<?xml version="1.0" encoding="utf-8"?>
<Project ToolsVersion="4.0" xmlns="http://schemas.microsoft.com/developer/msbuild/2003">
  <ItemGroup>
    <Filter Include="Source Files">
      <UniqueIdentifier>{4FC737F1-C7A5-4376-A066-2A32D752A2FF}</UniqueIdentifier>
      <Extensions>cpp;c;cc;cxx;c++;cppm;ixx;def;odl;idl;hpj;bat;asm;asmx</Extensions>
    </Filter>
    <Filter Include="Header Files">
      <UniqueIdentifier>{93995380-89BD-4b04-88EB-625FBE52EBFB}</UniqueIdentifier>
      <Extensions>h;hh;hpp;hxx;h++;hm;inl;inc;ipp;xsd</Extensions>
    </Filter>
    <Filter Include="Resource Files">
      <UniqueIdentifier>{67DA6AB6-F800-4c08-8B7A-83BB121AAD01}</UniqueIdentifier>
      <Extensions>rc;ico;cur;bmp;dlg;rc2;rct;bin;rgs;gif;jpg;jpeg;jpe;resx;tiff;tif;png;wav;mfcribbon-ms</Extensions>
    </Filter>
    <Filter Include="Source Files\BlockData">
      <UniqueIdentifier>{0cfb7248-4c00-429e-bef3-25294fef8ca0}</UniqueIdentifier>
    </Filter>
    <Filter Include="Header Files\BlockData">
      <UniqueIdentifier>{e3327af7-bae2-42ce-8210-4deef11c5d7c}</UniqueIdentifier>
    </Filter>
    <Filter Include="Header Files\Hud">
      <UniqueIdentifier>{55eaae4e-1c8b-43a0-b071-88d1aec57056}</UniqueIdentifier>
    </Filter>
    <Filter Include="Source Files\Hud">
      <UniqueIdentifier>{8c3cf549-9a5c-463c-84bf-06f3c482c188}</UniqueIdentifier>
    </Filter>
    <Filter Include="Source Files\Custom Data">
      <UniqueIdentifier>{95a76d1b-b6cb-4b0a-8929-a0e3a673c273}</UniqueIdentifier>
    </Filter>
    <Filter Include="Header Files\Custom Data">
      <UniqueIdentifier>{39105159-db6f-4804-9bd1-b435b591ac52}</UniqueIdentifier>
    </Filter>
  </ItemGroup>
  <ItemGroup>
    <ClCompile Include="Main.cpp">
      <Filter>Source Files</Filter>
    </ClCompile>
    <ClCompile Include="Shader.cpp">
      <Filter>Source Files</Filter>
    </ClCompile>
    <ClCompile Include="Camera.cpp">
      <Filter>Source Files</Filter>
    </ClCompile>
    <ClCompile Include="GameObject.cpp">
      <Filter>Source Files</Filter>
    </ClCompile>
    <ClCompile Include="Renderer.cpp">
      <Filter>Source Files</Filter>
    </ClCompile>
    <ClCompile Include="Terrain.cpp">
      <Filter>Source Files</Filter>
    </ClCompile>
    <ClCompile Include="Chunk.cpp">
      <Filter>Source Files</Filter>
    </ClCompile>
    <ClCompile Include="Player.cpp">
      <Filter>Source Files</Filter>
    </ClCompile>
    <ClCompile Include="Block.cpp">
      <Filter>Source Files</Filter>
    </ClCompile>
    <ClCompile Include="BlockData.cpp">
      <Filter>Source Files\BlockData</Filter>
    </ClCompile>
    <ClCompile Include="BlockDataManager.cpp">
      <Filter>Source Files</Filter>
    </ClCompile>
    <ClCompile Include="Mesh.cpp">
      <Filter>Source Files</Filter>
    </ClCompile>
    <ClCompile Include="BiomeManager.cpp">
      <Filter>Source Files</Filter>
    </ClCompile>
    <ClCompile Include="HudItem.cpp">
      <Filter>Source Files\Hud</Filter>
    </ClCompile>
    <ClCompile Include="Hud.cpp">
      <Filter>Source Files\Hud</Filter>
    </ClCompile>
    <ClCompile Include="HotbarSlot.cpp">
      <Filter>Source Files\Hud</Filter>
    </ClCompile>
    <ClCompile Include="Inventory.cpp">
      <Filter>Source Files\Hud</Filter>
    </ClCompile>
    <ClCompile Include="ItemDataManager.cpp">
      <Filter>Source Files\Hud</Filter>
    </ClCompile>
    <ClCompile Include="CustomDataManager.cpp">
      <Filter>Source Files\Custom Data</Filter>
    </ClCompile>
  </ItemGroup>
  <ItemGroup>
    <ClInclude Include="Shader.h">
      <Filter>Header Files</Filter>
    </ClInclude>
    <ClInclude Include="Camera.h">
      <Filter>Header Files</Filter>
    </ClInclude>
    <ClInclude Include="GameObject.h">
      <Filter>Header Files</Filter>
    </ClInclude>
    <ClInclude Include="Renderer.h">
      <Filter>Header Files</Filter>
    </ClInclude>
    <ClInclude Include="Terrain.h">
      <Filter>Header Files</Filter>
    </ClInclude>
    <ClInclude Include="Chunk.h">
      <Filter>Header Files</Filter>
    </ClInclude>
    <ClInclude Include="Player.h">
      <Filter>Header Files</Filter>
    </ClInclude>
    <ClInclude Include="Block.h">
      <Filter>Header Files</Filter>
    </ClInclude>
    <ClInclude Include="BlockData.h">
      <Filter>Header Files\BlockData</Filter>
    </ClInclude>
    <ClInclude Include="resource.h">
      <Filter>Header Files</Filter>
    </ClInclude>
    <ClInclude Include="BlockDataManager.h">
      <Filter>Header Files\BlockData</Filter>
    </ClInclude>
    <ClInclude Include="Mesh.h">
      <Filter>Header Files</Filter>
    </ClInclude>
    <ClInclude Include="BiomeManager.h">
      <Filter>Header Files</Filter>
    </ClInclude>
    <ClInclude Include="HudItem.h">
      <Filter>Header Files\Hud</Filter>
    </ClInclude>
    <ClInclude Include="Hud.h">
      <Filter>Header Files\Hud</Filter>
    </ClInclude>
    <ClInclude Include="HotbarSlot.h">
      <Filter>Header Files\Hud</Filter>
    </ClInclude>
    <ClInclude Include="Inventory.h">
      <Filter>Header Files\Hud</Filter>
    </ClInclude>
    <ClInclude Include="ItemDataManager.h">
      <Filter>Header Files\Hud</Filter>
    </ClInclude>
    <ClInclude Include="CustomDataManager.h">
      <Filter>Header Files\Custom Data</Filter>
    </ClInclude>
  </ItemGroup>
  <ItemGroup>
    <ResourceCompile Include="GLFWx32-GLEWx32-GLM-0.rc">
      <Filter>Resource Files</Filter>
    </ResourceCompile>
  </ItemGroup>
</Project>